
Microsoft Visual Studio Solution File, Format Version 12.00
# Visual Studio Version 17
VisualStudioVersion = 17.13.35919.96
MinimumVisualStudioVersion = 10.0.40219.1
Project("{FAE04EC0-301F-11D3-BF4B-00C04F79EFBC}") = "eKhadi", "eKhadi\eKhadi.csproj", "{854C1B7E-2B29-4826-B1B8-17D2486698D8}"
EndProject
Global
	GlobalSection(SolutionConfigurationPlatforms) = preSolution
		Debug|Any CPU = Debug|Any CPU
		Release|Any CPU = Release|Any CPU
	EndGlobalSection
	GlobalSection(ProjectConfigurationPlatforms) = postSolution
		{854C1B7E-2B29-4826-B1B8-17D2486698D8}.Debug|Any CPU.ActiveCfg = Debug|Any CPU
		{854C1B7E-2B29-4826-B1B8-17D2486698D8}.Debug|Any CPU.Build.0 = Debug|Any CPU
		{854C1B7E-2B29-4826-B1B8-17D2486698D8}.Release|Any CPU.ActiveCfg = Release|Any CPU
		{854C1B7E-2B29-4826-B1B8-17D2486698D8}.Release|Any CPU.Build.0 = Release|Any CPU
	EndGlobalSection
	GlobalSection(SolutionProperties) = preSolution
		HideSolutionNode = FALSE
	EndGlobalSection
	GlobalSection(ExtensibilityGlobals) = postSolution
		SolutionGuid = {E2B99F65-E1B9-4FA6-B3AE-D282A2EEB85B}
	EndGlobalSection
EndGlobal
